PODS:
  - CocoaLumberjack (1.7.0):
    - CocoaLumberjack/Core (= 1.7.0)
    - CocoaLumberjack/Extensions (= 1.7.0)
  - CocoaLumberjack/Core (1.7.0)
  - CocoaLumberjack/Extensions (1.7.0):
    - CocoaLumberjack/Core
  - DTCoreText (1.6.14):
    - DTFoundation/Core (~> 1.7.1)
    - DTFoundation/DTAnimatedGIF (~> 1.7.1)
    - DTFoundation/DTHTMLParser (~> 1.7.1)
    - DTFoundation/UIKit (~> 1.7.1)
  - DTFoundation/Core (1.7.4)
  - DTFoundation/DTAnimatedGIF (1.7.4)
  - DTFoundation/DTHTMLParser (1.7.4):
    - DTFoundation/Core
  - DTFoundation/UIKit (1.7.4):
    - DTFoundation/Core
  - FXImageView (1.3.5)
  - GoogleAds-IMA-iOS-SDK (3.0.beta.11)
  - Objective-C-HMTL-Parser (0.0.1)
  - Reachability (3.1.1)
  - SASlideMenu (2.0.3)
  - SVProgressHUD (HEAD based on 1.1.2)
  - SVWebViewController (HEAD based on 1.0)
  - VKFoundation (0.1.1):
    - CocoaLumberjack (~> 1.7.0)
    - DTCoreText (~> 1.6.11)
    - FXImageView (~> 1.3.3)
    - Reachability (~> 3.1.1)
  - VKVideoPlayer (0.1.4):
    - CocoaLumberjack (~> 1.7.0)
    - DTCoreText (~> 1.6.11)
    - VKFoundation (= 0.1.1)
  - XLMediaZoom (2.0.1)

DEPENDENCIES:
  - GoogleAds-IMA-iOS-SDK (~> 3.0.beta.11)
  - Objective-C-HMTL-Parser
  - SASlideMenu
  - SVProgressHUD (HEAD)
  - SVWebViewController (HEAD)
  - VKVideoPlayer (~> 0.1.1)
  - XLMediaZoom

SPEC CHECKSUMS:
  CocoaLumberjack: 744856111d9431252611e696ea460ffe36fdc5ae
  DTCoreText: 1fc0aadfa238d14c6cc56035af4e2b76b958e3b1
  DTFoundation: 721a63964fb9acd64cb8c9d3d1642ee60bac3d6a
  FXImageView: be49853e2f7ac281ad9312ead922edafa19cdd5c
  GoogleAds-IMA-iOS-SDK: 6c97c1d6cb6dc79a15c9b9a94bfe976c82919153
  Objective-C-HMTL-Parser: f81bfc686fa447486477b7a2ef0cdca36d516b48
  Reachability: 8e9635e3cb4f98e7f825e51147f677ecc694d0e7
  SASlideMenu: 93a4ff0a25fdd00ce9b8c77e1d98bc4ffb9cb648
  SVProgressHUD: da7a49e789af645d9279ffbca62318945a832438
  SVWebViewController: fbf917baa92744c54cfb89a52a4c056e409973a4
  VKFoundation: 39b420ace3adc7aedcd98f84b71500ced0f6f5e1
  VKVideoPlayer: 87e52d0d4b3045fc1b9714135e83233bb86479bb
  XLMediaZoom: 3b32c799e81a0026ef4a9b4bf92f5a8bc7a4838e

COCOAPODS: 0.36.0.beta.1
