// !$*UTF8*$!
{
	archiveVersion = 1;
	classes = {
	};
	objectVersion = 46;
	objects = {

/* Begin PBXBuildFile section */
		320AF8492C47A4D819F7C451 /* QuartzCore.framework in Frameworks */ = {isa = PBXBuildFile; fileRef = 320AF8492C47A4D819F7C450 /* QuartzCore.framework */; };
		320B6C86F11D9990244A9731 /* Three20.bundle in Resources */ = {isa = PBXBuildFile; fileRef = 320B6C86F11D9990244A9730 /* Three20.bundle */; };
		3B073090172E5CB200DA22AF /* Default@2x.png in Resources */ = {isa = PBXBuildFile; fileRef = 3B07308E172E5C5600DA22AF /* Default@2x.png */; };
		3B073092172E5CB700DA22AF /* Default-568h@2x.png in Resources */ = {isa = PBXBuildFile; fileRef = 3B073091172E5CB700DA22AF /* Default-568h@2x.png */; };
		3B073094172E5E2A00DA22AF /* Default.png in Resources */ = {isa = PBXBuildFile; fileRef = 3B073093172E5E2A00DA22AF /* Default.png */; };
		3B2CFBC917E96FC400BC2113 /* SearchViewController.m in Sources */ = {isa = PBXBuildFile; fileRef = 3B2CFBC817E96FC400BC2113 /* SearchViewController.m */; };
		3B39B09E17E2F1540027B242 /* PartListViewController.m in Sources */ = {isa = PBXBuildFile; fileRef = 3B39B09D17E2F1540027B242 /* PartListViewController.m */; };
		3B39B0A117E309BE0027B242 /* PartTableViewCell.m in Sources */ = {isa = PBXBuildFile; fileRef = 3B39B0A017E309BE0027B242 /* PartTableViewCell.m */; };
		3B39B0A417E322310027B242 /* SDWebImage.framework in Frameworks */ = {isa = PBXBuildFile; fileRef = 3B39B0A317E322310027B242 /* SDWebImage.framework */; };
		3B39B0A617E322EE0027B242 /* ImageIO.framework in Frameworks */ = {isa = PBXBuildFile; fileRef = 3B39B0A517E322EE0027B242 /* ImageIO.framework */; };
		3B39B0A917E34C560027B242 /* VideoPlayerViewController.m in Sources */ = {isa = PBXBuildFile; fileRef = 3B39B0A817E34C560027B242 /* VideoPlayerViewController.m */; };
		3B63C8B91711CCBA009B4B65 /* CoreTelephony.framework in Frameworks */ = {isa = PBXBuildFile; fileRef = 3B63C8B81711CCBA009B4B65 /* CoreTelephony.framework */; };
		3B63C8BB1711CCC3009B4B65 /* AVFoundation.framework in Frameworks */ = {isa = PBXBuildFile; fileRef = 3B63C8BA1711CCC3009B4B65 /* AVFoundation.framework */; };
		3B63C8BD1711CCD9009B4B65 /* Security.framework in Frameworks */ = {isa = PBXBuildFile; fileRef = 3B63C8BC1711CCD8009B4B65 /* Security.framework */; };
		3B67F69A17E03A9900C9CD23 /* Images.xcassets in Resources */ = {isa = PBXBuildFile; fileRef = 3B67F69917E03A9900C9CD23 /* Images.xcassets */; };
		3B67F69C17E03B3000C9CD23 /* Storyboard_iPhone.storyboard in Resources */ = {isa = PBXBuildFile; fileRef = 3B67F69B17E03B3000C9CD23 /* Storyboard_iPhone.storyboard */; };
		3B67F74717E06C9B00C9CD23 /* libGoogleAdMobAds.a in Frameworks */ = {isa = PBXBuildFile; fileRef = 3B67F73C17E06C9B00C9CD23 /* libGoogleAdMobAds.a */; };
		3B67F74817E06C9B00C9CD23 /* README.txt in Resources */ = {isa = PBXBuildFile; fileRef = 3B67F73D17E06C9B00C9CD23 /* README.txt */; };
		3B67F74B17E06D5000C9CD23 /* StoreKit.framework in Frameworks */ = {isa = PBXBuildFile; fileRef = 3B67F74A17E06D5000C9CD23 /* StoreKit.framework */; };
		3B67F75517E06E1100C9CD23 /* libGoogleAnalyticsServices.a in Frameworks */ = {isa = PBXBuildFile; fileRef = 3B67F74D17E06E1100C9CD23 /* libGoogleAnalyticsServices.a */; };
		3B67F7A417E09A5200C9CD23 /* GenreListViewController.m in Sources */ = {isa = PBXBuildFile; fileRef = 3B67F7A317E09A5200C9CD23 /* GenreListViewController.m */; };
		3B67F7A717E09C6600C9CD23 /* ShowListViewController.m in Sources */ = {isa = PBXBuildFile; fileRef = 3B67F7A617E09C6600C9CD23 /* ShowListViewController.m */; };
		3B67F7AD17E0A08900C9CD23 /* ShowTableViewCell.m in Sources */ = {isa = PBXBuildFile; fileRef = 3B67F7AC17E0A08900C9CD23 /* ShowTableViewCell.m */; };
		3B67F7B017E0BFF500C9CD23 /* GenreList.m in Sources */ = {isa = PBXBuildFile; fileRef = 3B67F7AF17E0BFF500C9CD23 /* GenreList.m */; };
		3B67F7B317E0C8A600C9CD23 /* GenreTableViewCell.m in Sources */ = {isa = PBXBuildFile; fileRef = 3B67F7B217E0C8A600C9CD23 /* GenreTableViewCell.m */; };
		3B67F7B517E0DB5400C9CD23 /* placeholder40.png in Resources */ = {isa = PBXBuildFile; fileRef = 3B67F7B417E0DB5400C9CD23 /* placeholder40.png */; };
		3B67F7B717E0DD5600C9CD23 /* placeholder40@2x.png in Resources */ = {isa = PBXBuildFile; fileRef = 3B67F7B617E0DD5600C9CD23 /* placeholder40@2x.png */; };
		3B67F7BA17E0E9A300C9CD23 /* Show.m in Sources */ = {isa = PBXBuildFile; fileRef = 3B67F7B917E0E9A300C9CD23 /* Show.m */; };
		3B743BCD17E19C9E0086C519 /* EpisodeListViewController.m in Sources */ = {isa = PBXBuildFile; fileRef = 3B743BCC17E19C9E0086C519 /* EpisodeListViewController.m */; };
		3B743BD017E1D8060086C519 /* Episode.m in Sources */ = {isa = PBXBuildFile; fileRef = 3B743BCF17E1D8060086C519 /* Episode.m */; };
		3B743BD317E1F7CC0086C519 /* EpisodeTableViewCell.m in Sources */ = {isa = PBXBuildFile; fileRef = 3B743BD217E1F7CC0086C519 /* EpisodeTableViewCell.m */; };
		3B743BD717E25DA40086C519 /* Storyboard_iPad.storyboard in Resources */ = {isa = PBXBuildFile; fileRef = 3B743BD617E25DA40086C519 /* Storyboard_iPad.storyboard */; };
		3B910C341733FE25008F67ED /* CFNetwork.framework in Frameworks */ = {isa = PBXBuildFile; fileRef = 3B910C331733FE25008F67ED /* CFNetwork.framework */; };
		3B910C3C17340387008F67ED /* ApiClient.m in Sources */ = {isa = PBXBuildFile; fileRef = 3B910C3717340387008F67ED /* ApiClient.m */; };
		3B910C3D17340387008F67ED /* Genre.m in Sources */ = {isa = PBXBuildFile; fileRef = 3B910C3917340387008F67ED /* Genre.m */; };
		3B910C3E17340387008F67ED /* Channel.m in Sources */ = {isa = PBXBuildFile; fileRef = 3B910C3B17340387008F67ED /* Channel.m */; };
		F042D44315BC875F0037E120 /* Default-Landscape~ipad.png in Resources */ = {isa = PBXBuildFile; fileRef = F042D43915BC875F0037E120 /* Default-Landscape~ipad.png */; };
		F042D44415BC875F0037E120 /* Default-Portrait~ipad.png in Resources */ = {isa = PBXBuildFile; fileRef = F042D43A15BC875F0037E120 /* Default-Portrait~ipad.png */; };
		F042D44715BC875F0037E120 /* Icon.png in Resources */ = {isa = PBXBuildFile; fileRef = F042D43D15BC875F0037E120 /* Icon.png */; };
		F042D44815BC875F0037E120 /* Icon@2x.png in Resources */ = {isa = PBXBuildFile; fileRef = F042D43E15BC875F0037E120 /* Icon@2x.png */; };
		F042D44915BC875F0037E120 /* Icon~ipad.png in Resources */ = {isa = PBXBuildFile; fileRef = F042D43F15BC875F0037E120 /* Icon~ipad.png */; };
		F042D44D15BC89AA0037E120 /* Icon~ipad@2x.png in Resources */ = {isa = PBXBuildFile; fileRef = F042D44C15BC89AA0037E120 /* Icon~ipad@2x.png */; };
		F042D45815BC8B490037E120 /* Default-Landscape@2x~ipad.png in Resources */ = {isa = PBXBuildFile; fileRef = F042D45615BC8B470037E120 /* Default-Landscape@2x~ipad.png */; };
		F042D45915BC8B490037E120 /* Default-Portrait@2x~ipad.png in Resources */ = {isa = PBXBuildFile; fileRef = F042D45715BC8B470037E120 /* Default-Portrait@2x~ipad.png */; };
		F042D51015BCA5590037E120 /* Base64.m in Sources */ = {isa = PBXBuildFile; fileRef = F042D50F15BCA5590037E120 /* Base64.m */; };
		F07C74F615C0ADE800144EC1 /* 37x-Checkmark.png in Resources */ = {isa = PBXBuildFile; fileRef = F07C74F415C0ADE800144EC1 /* 37x-Checkmark.png */; };
		F07C74F715C0ADE800144EC1 /* 37x-Checkmark@2x.png in Resources */ = {isa = PBXBuildFile; fileRef = F07C74F515C0ADE800144EC1 /* 37x-Checkmark@2x.png */; };
		F084C89F15BFF1A500CD7F70 /* MediaPlayer.framework in Frameworks */ = {isa = PBXBuildFile; fileRef = F084C89E15BFF1A500CD7F70 /* MediaPlayer.framework */; };
		F0927FE215CC4A180045EDBA /* tvthai2.xcdatamodeld in Sources */ = {isa = PBXBuildFile; fileRef = F0927FE015CC4A180045EDBA /* tvthai2.xcdatamodeld */; };
		F0A3C83515BB218A000CD962 /* SystemConfiguration.framework in Frameworks */ = {isa = PBXBuildFile; fileRef = F0A3C83415BB218A000CD962 /* SystemConfiguration.framework */; };
		F0A3C83715BB21AB000CD962 /* MobileCoreServices.framework in Frameworks */ = {isa = PBXBuildFile; fileRef = F0A3C83615BB21AB000CD962 /* MobileCoreServices.framework */; };
		F0A3C83915BB21BA000CD962 /* libz.dylib in Frameworks */ = {isa = PBXBuildFile; fileRef = F0A3C83815BB21BA000CD962 /* libz.dylib */; };
		F0A3C86615BB258D000CD962 /* NSString+Utils.m in Sources */ = {isa = PBXBuildFile; fileRef = F0A3C86115BB258D000CD962 /* NSString+Utils.m */; };
		F0A3C86815BB258D000CD962 /* UserAgent.m in Sources */ = {isa = PBXBuildFile; fileRef = F0A3C86515BB258D000CD962 /* UserAgent.m */; settings = {COMPILER_FLAGS = "-fno-objc-arc"; }; };
		F0A3C89A15BB2D54000CD962 /* libxml2.dylib in Frameworks */ = {isa = PBXBuildFile; fileRef = F0A3C89915BB2D54000CD962 /* libxml2.dylib */; };
		F0A3C89C15BB2F96000CD962 /* libsqlite3.0.dylib in Frameworks */ = {isa = PBXBuildFile; fileRef = F0A3C89B15BB2F96000CD962 /* libsqlite3.0.dylib */; };
		F0B4AC02161DF0BB00CF843A /* AdSupport.framework in Frameworks */ = {isa = PBXBuildFile; fileRef = F0B4AC01161DF0BB00CF843A /* AdSupport.framework */; settings = {ATTRIBUTES = (Weak, ); }; };
		F0BD0C5E15BC2A9200B56EE4 /* AudioToolbox.framework in Frameworks */ = {isa = PBXBuildFile; fileRef = F0BD0C5D15BC2A9200B56EE4 /* AudioToolbox.framework */; };
		F0BD0C6115BC2A9F00B56EE4 /* MessageUI.framework in Frameworks */ = {isa = PBXBuildFile; fileRef = F0BD0C6015BC2A9F00B56EE4 /* MessageUI.framework */; };
		F0D4C5A015CB028000988376 /* CoreData.framework in Frameworks */ = {isa = PBXBuildFile; fileRef = F0D4C59F15CB028000988376 /* CoreData.framework */; };
		F0D4C5A315CB18D900988376 /* NavBarIconLauncher.png in Resources */ = {isa = PBXBuildFile; fileRef = F0D4C5A115CB18D900988376 /* NavBarIconLauncher.png */; };
		F0D4C5A415CB18D900988376 /* NavBarIconLauncher@2x.png in Resources */ = {isa = PBXBuildFile; fileRef = F0D4C5A215CB18D900988376 /* NavBarIconLauncher@2x.png */; };
		F0DC4DF015BA012E0009BFCD /* UIKit.framework in Frameworks */ = {isa = PBXBuildFile; fileRef = F0DC4DEF15BA012E0009BFCD /* UIKit.framework */; };
		F0DC4DF215BA012E0009BFCD /* Foundation.framework in Frameworks */ = {isa = PBXBuildFile; fileRef = F0DC4DF115BA012E0009BFCD /* Foundation.framework */; };
		F0DC4DF415BA012E0009BFCD /* CoreGraphics.framework in Frameworks */ = {isa = PBXBuildFile; fileRef = F0DC4DF315BA012E0009BFCD /* CoreGraphics.framework */; };
		F0DC4DFA15BA012E0009BFCD /* InfoPlist.strings in Resources */ = {isa = PBXBuildFile; fileRef = F0DC4DF815BA012E0009BFCD /* InfoPlist.strings */; };
		F0DC4DFC15BA012E0009BFCD /* main.m in Sources */ = {isa = PBXBuildFile; fileRef = F0DC4DFB15BA012E0009BFCD /* main.m */; };
		F0DC4E0015BA012E0009BFCD /* AppDelegate.m in Sources */ = {isa = PBXBuildFile; fileRef = F0DC4DFF15BA012E0009BFCD /* AppDelegate.m */; };
		F2A59C82B72E4E7F945E7BD1 /* libPods.a in Frameworks */ = {isa = PBXBuildFile; fileRef = A2EB0925A5094553A025770B /* libPods.a */; };
/* End PBXBuildFile section */

/* Begin PBXFileReference section */
		0DE9EB14C43E43AE8A2E6171 /* Pods.xcconfig */ = {isa = PBXFileReference; includeInIndex = 1; lastKnownFileType = text.xcconfig; name = Pods.xcconfig; path = Pods/Pods.xcconfig; sourceTree = SOURCE_ROOT; };
		320AF8492C47A4D819F7C450 /* QuartzCore.framework */ = {isa = PBXFileReference; lastKnownFileType = wrapper.frameworks; name = QuartzCore.framework; path = System/Library/Frameworks/QuartzCore.framework; sourceTree = SDKROOT; };
		320B6C86F11D9990244A9730 /* Three20.bundle */ = {isa = PBXFileReference; lastKnownFileType = "wrapper.plug-in"; name = Three20.bundle; path = ../three20/src/Three20.bundle; sourceTree = SOURCE_ROOT; };
		3B07308E172E5C5600DA22AF /* Default@2x.png */ = {isa = PBXFileReference; lastKnownFileType = image.png; name = "Default@2x.png"; path = "../../Default@2x.png"; sourceTree = "<group>"; };
		3B073091172E5CB700DA22AF /* Default-568h@2x.png */ = {isa = PBXFileReference; lastKnownFileType = image.png; name = "Default-568h@2x.png"; path = "../../Default-568h@2x.png"; sourceTree = "<group>"; };
		3B073093172E5E2A00DA22AF /* Default.png */ = {isa = PBXFileReference; lastKnownFileType = image.png; name = Default.png; path = ../../Default.png; sourceTree = "<group>"; };
		3B2CFBC717E96FC400BC2113 /* SearchViewController.h */ = {isa = PBXFileReference; fileEncoding = 4; lastKnownFileType = sourcecode.c.h; path = SearchViewController.h; sourceTree = "<group>"; };
		3B2CFBC817E96FC400BC2113 /* SearchViewController.m */ = {isa = PBXFileReference; fileEncoding = 4; lastKnownFileType = sourcecode.c.objc; path = SearchViewController.m; sourceTree = "<group>"; };
		3B39B09C17E2F1540027B242 /* PartListViewController.h */ = {isa = PBXFileReference; fileEncoding = 4; lastKnownFileType = sourcecode.c.h; path = PartListViewController.h; sourceTree = "<group>"; };
		3B39B09D17E2F1540027B242 /* PartListViewController.m */ = {isa = PBXFileReference; fileEncoding = 4; lastKnownFileType = sourcecode.c.objc; path = PartListViewController.m; sourceTree = "<group>"; };
		3B39B09F17E309BE0027B242 /* PartTableViewCell.h */ = {isa = PBXFileReference; fileEncoding = 4; lastKnownFileType = sourcecode.c.h; path = PartTableViewCell.h; sourceTree = "<group>"; };
		3B39B0A017E309BE0027B242 /* PartTableViewCell.m */ = {isa = PBXFileReference; fileEncoding = 4; lastKnownFileType = sourcecode.c.objc; path = PartTableViewCell.m; sourceTree = "<group>"; };
		3B39B0A317E322310027B242 /* SDWebImage.framework */ = {isa = PBXFileReference; lastKnownFileType = wrapper.framework; path = SDWebImage.framework; sourceTree = "<group>"; };
		3B39B0A517E322EE0027B242 /* ImageIO.framework */ = {isa = PBXFileReference; lastKnownFileType = wrapper.framework; name = ImageIO.framework; path = System/Library/Frameworks/ImageIO.framework; sourceTree = SDKROOT; };
		3B39B0A717E34C560027B242 /* VideoPlayerViewController.h */ = {isa = PBXFileReference; fileEncoding = 4; lastKnownFileType = sourcecode.c.h; path = VideoPlayerViewController.h; sourceTree = "<group>"; };
		3B39B0A817E34C560027B242 /* VideoPlayerViewController.m */ = {isa = PBXFileReference; fileEncoding = 4; lastKnownFileType = sourcecode.c.objc; path = VideoPlayerViewController.m; sourceTree = "<group>"; };
		3B63C8B81711CCBA009B4B65 /* CoreTelephony.framework */ = {isa = PBXFileReference; lastKnownFileType = wrapper.framework; name = CoreTelephony.framework; path = System/Library/Frameworks/CoreTelephony.framework; sourceTree = SDKROOT; };
		3B63C8BA1711CCC3009B4B65 /* AVFoundation.framework */ = {isa = PBXFileReference; lastKnownFileType = wrapper.framework; name = AVFoundation.framework; path = System/Library/Frameworks/AVFoundation.framework; sourceTree = SDKROOT; };
		3B63C8BC1711CCD8009B4B65 /* Security.framework */ = {isa = PBXFileReference; lastKnownFileType = wrapper.framework; name = Security.framework; path = System/Library/Frameworks/Security.framework; sourceTree = SDKROOT; };
		3B67F69917E03A9900C9CD23 /* Images.xcassets */ = {isa = PBXFileReference; lastKnownFileType = folder.assetcatalog; path = Images.xcassets; sourceTree = "<group>"; };
		3B67F69B17E03B3000C9CD23 /* Storyboard_iPhone.storyboard */ = {isa = PBXFileReference; fileEncoding = 4; lastKnownFileType = file.storyboard; path = Storyboard_iPhone.storyboard; sourceTree = "<group>"; };
		3B67F71B17E06C9B00C9CD23 /* DFPBannerView.h */ = {isa = PBXFileReference; fileEncoding = 4; lastKnownFileType = sourcecode.c.h; path = DFPBannerView.h; sourceTree = "<group>"; };
		3B67F71C17E06C9B00C9CD23 /* DFPExtras.h */ = {isa = PBXFileReference; fileEncoding = 4; lastKnownFileType = sourcecode.c.h; path = DFPExtras.h; sourceTree = "<group>"; };
		3B67F71D17E06C9B00C9CD23 /* DFPInterstitial.h */ = {isa = PBXFileReference; fileEncoding = 4; lastKnownFileType = sourcecode.c.h; path = DFPInterstitial.h; sourceTree = "<group>"; };
		3B67F71E17E06C9B00C9CD23 /* DFPSwipeableBannerView.h */ = {isa = PBXFileReference; fileEncoding = 4; lastKnownFileType = sourcecode.c.h; path = DFPSwipeableBannerView.h; sourceTree = "<group>"; };
		3B67F71F17E06C9B00C9CD23 /* GADAdSizeDelegate.h */ = {isa = PBXFileReference; fileEncoding = 4; lastKnownFileType = sourcecode.c.h; path = GADAdSizeDelegate.h; sourceTree = "<group>"; };
		3B67F72017E06C9B00C9CD23 /* GADAppEventDelegate.h */ = {isa = PBXFileReference; fileEncoding = 4; lastKnownFileType = sourcecode.c.h; path = GADAppEventDelegate.h; sourceTree = "<group>"; };
		3B67F72117E06C9B00C9CD23 /* GADSwipeableBannerViewDelegate.h */ = {isa = PBXFileReference; fileEncoding = 4; lastKnownFileType = sourcecode.c.h; path = GADSwipeableBannerViewDelegate.h; sourceTree = "<group>"; };
		3B67F72A17E06C9B00C9CD23 /* GADCustomEventBanner.h */ = {isa = PBXFileReference; fileEncoding = 4; lastKnownFileType = sourcecode.c.h; path = GADCustomEventBanner.h; sourceTree = "<group>"; };
		3B67F72B17E06C9B00C9CD23 /* GADCustomEventBannerDelegate.h */ = {isa = PBXFileReference; fileEncoding = 4; lastKnownFileType = sourcecode.c.h; path = GADCustomEventBannerDelegate.h; sourceTree = "<group>"; };
		3B67F72C17E06C9B00C9CD23 /* GADCustomEventExtras.h */ = {isa = PBXFileReference; fileEncoding = 4; lastKnownFileType = sourcecode.c.h; path = GADCustomEventExtras.h; sourceTree = "<group>"; };
		3B67F72D17E06C9B00C9CD23 /* GADCustomEventInterstitial.h */ = {isa = PBXFileReference; fileEncoding = 4; lastKnownFileType = sourcecode.c.h; path = GADCustomEventInterstitial.h; sourceTree = "<group>"; };
		3B67F72E17E06C9B00C9CD23 /* GADCustomEventInterstitialDelegate.h */ = {isa = PBXFileReference; fileEncoding = 4; lastKnownFileType = sourcecode.c.h; path = GADCustomEventInterstitialDelegate.h; sourceTree = "<group>"; };
		3B67F72F17E06C9B00C9CD23 /* GADCustomEventRequest.h */ = {isa = PBXFileReference; fileEncoding = 4; lastKnownFileType = sourcecode.c.h; path = GADCustomEventRequest.h; sourceTree = "<group>"; };
		3B67F73117E06C9B00C9CD23 /* GADSearchBannerView.h */ = {isa = PBXFileReference; fileEncoding = 4; lastKnownFileType = sourcecode.c.h; path = GADSearchBannerView.h; sourceTree = "<group>"; };
		3B67F73217E06C9B00C9CD23 /* GADSearchRequest.h */ = {isa = PBXFileReference; fileEncoding = 4; lastKnownFileType = sourcecode.c.h; path = GADSearchRequest.h; sourceTree = "<group>"; };
		3B67F73317E06C9B00C9CD23 /* GADAdMobExtras.h */ = {isa = PBXFileReference; fileEncoding = 4; lastKnownFileType = sourcecode.c.h; path = GADAdMobExtras.h; sourceTree = "<group>"; };
		3B67F73417E06C9B00C9CD23 /* GADAdNetworkExtras.h */ = {isa = PBXFileReference; fileEncoding = 4; lastKnownFileType = sourcecode.c.h; path = GADAdNetworkExtras.h; sourceTree = "<group>"; };
		3B67F73517E06C9B00C9CD23 /* GADAdSize.h */ = {isa = PBXFileReference; fileEncoding = 4; lastKnownFileType = sourcecode.c.h; path = GADAdSize.h; sourceTree = "<group>"; };
		3B67F73617E06C9B00C9CD23 /* GADBannerView.h */ = {isa = PBXFileReference; fileEncoding = 4; lastKnownFileType = sourcecode.c.h; path = GADBannerView.h; sourceTree = "<group>"; };
		3B67F73717E06C9B00C9CD23 /* GADBannerViewDelegate.h */ = {isa = PBXFileReference; fileEncoding = 4; lastKnownFileType = sourcecode.c.h; path = GADBannerViewDelegate.h; sourceTree = "<group>"; };
		3B67F73817E06C9B00C9CD23 /* GADInterstitial.h */ = {isa = PBXFileReference; fileEncoding = 4; lastKnownFileType = sourcecode.c.h; path = GADInterstitial.h; sourceTree = "<group>"; };
		3B67F73917E06C9B00C9CD23 /* GADInterstitialDelegate.h */ = {isa = PBXFileReference; fileEncoding = 4; lastKnownFileType = sourcecode.c.h; path = GADInterstitialDelegate.h; sourceTree = "<group>"; };
		3B67F73A17E06C9B00C9CD23 /* GADRequest.h */ = {isa = PBXFileReference; fileEncoding = 4; lastKnownFileType = sourcecode.c.h; path = GADRequest.h; sourceTree = "<group>"; };
		3B67F73B17E06C9B00C9CD23 /* GADRequestError.h */ = {isa = PBXFileReference; fileEncoding = 4; lastKnownFileType = sourcecode.c.h; path = GADRequestError.h; sourceTree = "<group>"; };
		3B67F73C17E06C9B00C9CD23 /* libGoogleAdMobAds.a */ = {isa = PBXFileReference; lastKnownFileType = archive.ar; path = libGoogleAdMobAds.a; sourceTree = "<group>"; };
		3B67F73D17E06C9B00C9CD23 /* README.txt */ = {isa = PBXFileReference; fileEncoding = 4; lastKnownFileType = text; path = README.txt; sourceTree = "<group>"; };
		3B67F74A17E06D5000C9CD23 /* StoreKit.framework */ = {isa = PBXFileReference; lastKnownFileType = wrapper.framework; name = StoreKit.framework; path = System/Library/Frameworks/StoreKit.framework; sourceTree = SDKROOT; };
		3B67F74D17E06E1100C9CD23 /* libGoogleAnalyticsServices.a */ = {isa = PBXFileReference; lastKnownFileType = archive.ar; path = libGoogleAnalyticsServices.a; sourceTree = "<group>"; };
		3B67F74F17E06E1100C9CD23 /* GAI.h */ = {isa = PBXFileReference; fileEncoding = 4; lastKnownFileType = sourcecode.c.h; path = GAI.h; sourceTree = "<group>"; };
		3B67F75017E06E1100C9CD23 /* GAIDictionaryBuilder.h */ = {isa = PBXFileReference; fileEncoding = 4; lastKnownFileType = sourcecode.c.h; path = GAIDictionaryBuilder.h; sourceTree = "<group>"; };
		3B67F75117E06E1100C9CD23 /* GAIFields.h */ = {isa = PBXFileReference; fileEncoding = 4; lastKnownFileType = sourcecode.c.h; path = GAIFields.h; sourceTree = "<group>"; };
		3B67F75217E06E1100C9CD23 /* GAILogger.h */ = {isa = PBXFileReference; fileEncoding = 4; lastKnownFileType = sourcecode.c.h; path = GAILogger.h; sourceTree = "<group>"; };
		3B67F75317E06E1100C9CD23 /* GAITrackedViewController.h */ = {isa = PBXFileReference; fileEncoding = 4; lastKnownFileType = sourcecode.c.h; path = GAITrackedViewController.h; sourceTree = "<group>"; };
		3B67F75417E06E1100C9CD23 /* GAITracker.h */ = {isa = PBXFileReference; fileEncoding = 4; lastKnownFileType = sourcecode.c.h; path = GAITracker.h; sourceTree = "<group>"; };
		3B67F7A217E09A5200C9CD23 /* GenreListViewController.h */ = {isa = PBXFileReference; fileEncoding = 4; lastKnownFileType = sourcecode.c.h; path = GenreListViewController.h; sourceTree = "<group>"; };
		3B67F7A317E09A5200C9CD23 /* GenreListViewController.m */ = {isa = PBXFileReference; fileEncoding = 4; lastKnownFileType = sourcecode.c.objc; path = GenreListViewController.m; sourceTree = "<group>"; };
		3B67F7A517E09C6600C9CD23 /* ShowListViewController.h */ = {isa = PBXFileReference; fileEncoding = 4; lastKnownFileType = sourcecode.c.h; path = ShowListViewController.h; sourceTree = "<group>"; };
		3B67F7A617E09C6600C9CD23 /* ShowListViewController.m */ = {isa = PBXFileReference; fileEncoding = 4; lastKnownFileType = sourcecode.c.objc; path = ShowListViewController.m; sourceTree = "<group>"; };
		3B67F7AB17E0A08900C9CD23 /* ShowTableViewCell.h */ = {isa = PBXFileReference; fileEncoding = 4; lastKnownFileType = sourcecode.c.h; path = ShowTableViewCell.h; sourceTree = "<group>"; };
		3B67F7AC17E0A08900C9CD23 /* ShowTableViewCell.m */ = {isa = PBXFileReference; fileEncoding = 4; lastKnownFileType = sourcecode.c.objc; path = ShowTableViewCell.m; sourceTree = "<group>"; };
		3B67F7AE17E0BFF500C9CD23 /* GenreList.h */ = {isa = PBXFileReference; fileEncoding = 4; lastKnownFileType = sourcecode.c.h; path = GenreList.h; sourceTree = "<group>"; };
		3B67F7AF17E0BFF500C9CD23 /* GenreList.m */ = {isa = PBXFileReference; fileEncoding = 4; lastKnownFileType = sourcecode.c.objc; path = GenreList.m; sourceTree = "<group>"; };
		3B67F7B117E0C8A600C9CD23 /* GenreTableViewCell.h */ = {isa = PBXFileReference; fileEncoding = 4; lastKnownFileType = sourcecode.c.h; path = GenreTableViewCell.h; sourceTree = "<group>"; };
		3B67F7B217E0C8A600C9CD23 /* GenreTableViewCell.m */ = {isa = PBXFileReference; fileEncoding = 4; lastKnownFileType = sourcecode.c.objc; path = GenreTableViewCell.m; sourceTree = "<group>"; };
		3B67F7B417E0DB5400C9CD23 /* placeholder40.png */ = {isa = PBXFileReference; lastKnownFileType = image.png; path = placeholder40.png; sourceTree = "<group>"; };
		3B67F7B617E0DD5600C9CD23 /* placeholder40@2x.png */ = {isa = PBXFileReference; lastKnownFileType = image.png; path = "placeholder40@2x.png"; sourceTree = "<group>"; };
		3B67F7B817E0E9A300C9CD23 /* Show.h */ = {isa = PBXFileReference; fileEncoding = 4; lastKnownFileType = sourcecode.c.h; path = Show.h; sourceTree = "<group>"; };
		3B67F7B917E0E9A300C9CD23 /* Show.m */ = {isa = PBXFileReference; fileEncoding = 4; lastKnownFileType = sourcecode.c.objc; path = Show.m; sourceTree = "<group>"; };
		3B743BCB17E19C9E0086C519 /* EpisodeListViewController.h */ = {isa = PBXFileReference; fileEncoding = 4; lastKnownFileType = sourcecode.c.h; path = EpisodeListViewController.h; sourceTree = "<group>"; };
		3B743BCC17E19C9E0086C519 /* EpisodeListViewController.m */ = {isa = PBXFileReference; fileEncoding = 4; lastKnownFileType = sourcecode.c.objc; path = EpisodeListViewController.m; sourceTree = "<group>"; };
		3B743BCE17E1D8060086C519 /* Episode.h */ = {isa = PBXFileReference; fileEncoding = 4; lastKnownFileType = sourcecode.c.h; path = Episode.h; sourceTree = "<group>"; };
		3B743BCF17E1D8060086C519 /* Episode.m */ = {isa = PBXFileReference; fileEncoding = 4; lastKnownFileType = sourcecode.c.objc; path = Episode.m; sourceTree = "<group>"; };
		3B743BD117E1F7CC0086C519 /* EpisodeTableViewCell.h */ = {isa = PBXFileReference; fileEncoding = 4; lastKnownFileType = sourcecode.c.h; path = EpisodeTableViewCell.h; sourceTree = "<group>"; };
		3B743BD217E1F7CC0086C519 /* EpisodeTableViewCell.m */ = {isa = PBXFileReference; fileEncoding = 4; lastKnownFileType = sourcecode.c.objc; path = EpisodeTableViewCell.m; sourceTree = "<group>"; };
		3B743BD617E25DA40086C519 /* Storyboard_iPad.storyboard */ = {isa = PBXFileReference; fileEncoding = 4; lastKnownFileType = file.storyboard; path = Storyboard_iPad.storyboard; sourceTree = "<group>"; };
		3B762F8B17F01B0400A35AA2 /* libPods-Objective-C-HMTL-Parser.a */ = {isa = PBXFileReference; lastKnownFileType = archive.ar; name = "libPods-Objective-C-HMTL-Parser.a"; path = "Pods/build/Debug-iphoneos/libPods-Objective-C-HMTL-Parser.a"; sourceTree = "<group>"; };
		3B910C331733FE25008F67ED /* CFNetwork.framework */ = {isa = PBXFileReference; lastKnownFileType = wrapper.framework; name = CFNetwork.framework; path = System/Library/Frameworks/CFNetwork.framework; sourceTree = SDKROOT; };
		3B910C3617340387008F67ED /* ApiClient.h */ = {isa = PBXFileReference; fileEncoding = 4; lastKnownFileType = sourcecode.c.h; path = ApiClient.h; sourceTree = "<group>"; };
		3B910C3717340387008F67ED /* ApiClient.m */ = {isa = PBXFileReference; fileEncoding = 4; lastKnownFileType = sourcecode.c.objc; path = ApiClient.m; sourceTree = "<group>"; };
		3B910C3817340387008F67ED /* Genre.h */ = {isa = PBXFileReference; fileEncoding = 4; lastKnownFileType = sourcecode.c.h; path = Genre.h; sourceTree = "<group>"; };
		3B910C3917340387008F67ED /* Genre.m */ = {isa = PBXFileReference; fileEncoding = 4; lastKnownFileType = sourcecode.c.objc; path = Genre.m; sourceTree = "<group>"; };
		3B910C3A17340387008F67ED /* Channel.h */ = {isa = PBXFileReference; fileEncoding = 4; lastKnownFileType = sourcecode.c.h; path = Channel.h; sourceTree = "<group>"; };
		3B910C3B17340387008F67ED /* Channel.m */ = {isa = PBXFileReference; fileEncoding = 4; lastKnownFileType = sourcecode.c.objc; path = Channel.m; sourceTree = "<group>"; };
		A2EB0925A5094553A025770B /* libPods.a */ = {isa = PBXFileReference; explicitFileType = archive.ar; includeInIndex = 0; path = libPods.a; sourceTree = BUILT_PRODUCTS_DIR; };
		F042D43915BC875F0037E120 /* Default-Landscape~ipad.png */ = {isa = PBXFileReference; lastKnownFileType = image.png; path = "Default-Landscape~ipad.png"; sourceTree = "<group>"; };
		F042D43A15BC875F0037E120 /* Default-Portrait~ipad.png */ = {isa = PBXFileReference; lastKnownFileType = image.png; path = "Default-Portrait~ipad.png"; sourceTree = "<group>"; };
		F042D43D15BC875F0037E120 /* Icon.png */ = {isa = PBXFileReference; lastKnownFileType = image.png; path = Icon.png; sourceTree = "<group>"; };
		F042D43E15BC875F0037E120 /* Icon@2x.png */ = {isa = PBXFileReference; lastKnownFileType = image.png; path = "Icon@2x.png"; sourceTree = "<group>"; };
		F042D43F15BC875F0037E120 /* Icon~ipad.png */ = {isa = PBXFileReference; lastKnownFileType = image.png; path = "Icon~ipad.png"; sourceTree = "<group>"; };
		F042D44C15BC89AA0037E120 /* Icon~ipad@2x.png */ = {isa = PBXFileReference; lastKnownFileType = image.png; path = "Icon~ipad@2x.png"; sourceTree = "<group>"; };
		F042D45615BC8B470037E120 /* Default-Landscape@2x~ipad.png */ = {isa = PBXFileReference; lastKnownFileType = image.png; path = "Default-Landscape@2x~ipad.png"; sourceTree = "<group>"; };
		F042D45715BC8B470037E120 /* Default-Portrait@2x~ipad.png */ = {isa = PBXFileReference; lastKnownFileType = image.png; path = "Default-Portrait@2x~ipad.png"; sourceTree = "<group>"; };
		F042D50E15BCA5590037E120 /* Base64.h */ = {isa = PBXFileReference; fileEncoding = 4; lastKnownFileType = sourcecode.c.h; path = Base64.h; sourceTree = "<group>"; };
		F042D50F15BCA5590037E120 /* Base64.m */ = {isa = PBXFileReference; fileEncoding = 4; lastKnownFileType = sourcecode.c.objc; path = Base64.m; sourceTree = "<group>"; };
		F07C74F415C0ADE800144EC1 /* 37x-Checkmark.png */ = {isa = PBXFileReference; lastKnownFileType = image.png; path = "37x-Checkmark.png"; sourceTree = "<group>"; };
		F07C74F515C0ADE800144EC1 /* 37x-Checkmark@2x.png */ = {isa = PBXFileReference; lastKnownFileType = image.png; path = "37x-Checkmark@2x.png"; sourceTree = "<group>"; };
		F084C89E15BFF1A500CD7F70 /* MediaPlayer.framework */ = {isa = PBXFileReference; lastKnownFileType = wrapper.framework; name = MediaPlayer.framework; path = System/Library/Frameworks/MediaPlayer.framework; sourceTree = SDKROOT; };
		F0927FE115CC4A180045EDBA /* tvthai2.xcdatamodel */ = {isa = PBXFileReference; lastKnownFileType = wrapper.xcdatamodel; path = tvthai2.xcdatamodel; sourceTree = "<group>"; };
		F0A3C83415BB218A000CD962 /* SystemConfiguration.framework */ = {isa = PBXFileReference; lastKnownFileType = wrapper.framework; name = SystemConfiguration.framework; path = System/Library/Frameworks/SystemConfiguration.framework; sourceTree = SDKROOT; };
		F0A3C83615BB21AB000CD962 /* MobileCoreServices.framework */ = {isa = PBXFileReference; lastKnownFileType = wrapper.framework; name = MobileCoreServices.framework; path = System/Library/Frameworks/MobileCoreServices.framework; sourceTree = SDKROOT; };
		F0A3C83815BB21BA000CD962 /* libz.dylib */ = {isa = PBXFileReference; lastKnownFileType = "compiled.mach-o.dylib"; name = libz.dylib; path = usr/lib/libz.dylib; sourceTree = SDKROOT; };
		F0A3C86015BB258D000CD962 /* NSString+Utils.h */ = {isa = PBXFileReference; fileEncoding = 4; lastKnownFileType = sourcecode.c.h; path = "NSString+Utils.h"; sourceTree = "<group>"; };
		F0A3C86115BB258D000CD962 /* NSString+Utils.m */ = {isa = PBXFileReference; fileEncoding = 4; lastKnownFileType = sourcecode.c.objc; path = "NSString+Utils.m"; sourceTree = "<group>"; };
		F0A3C86415BB258D000CD962 /* UserAgent.h */ = {isa = PBXFileReference; fileEncoding = 4; lastKnownFileType = sourcecode.c.h; path = UserAgent.h; sourceTree = "<group>"; };
		F0A3C86515BB258D000CD962 /* UserAgent.m */ = {isa = PBXFileReference; fileEncoding = 4; lastKnownFileType = sourcecode.c.objc; path = UserAgent.m; sourceTree = "<group>"; };
		F0A3C89915BB2D54000CD962 /* libxml2.dylib */ = {isa = PBXFileReference; lastKnownFileType = "compiled.mach-o.dylib"; name = libxml2.dylib; path = usr/lib/libxml2.dylib; sourceTree = SDKROOT; };
		F0A3C89B15BB2F96000CD962 /* libsqlite3.0.dylib */ = {isa = PBXFileReference; lastKnownFileType = "compiled.mach-o.dylib"; name = libsqlite3.0.dylib; path = usr/lib/libsqlite3.0.dylib; sourceTree = SDKROOT; };
		F0B4AC01161DF0BB00CF843A /* AdSupport.framework */ = {isa = PBXFileReference; lastKnownFileType = wrapper.framework; name = AdSupport.framework; path = System/Library/Frameworks/AdSupport.framework; sourceTree = SDKROOT; };
		F0BD0C5D15BC2A9200B56EE4 /* AudioToolbox.framework */ = {isa = PBXFileReference; lastKnownFileType = wrapper.framework; name = AudioToolbox.framework; path = System/Library/Frameworks/AudioToolbox.framework; sourceTree = SDKROOT; };
		F0BD0C6015BC2A9F00B56EE4 /* MessageUI.framework */ = {isa = PBXFileReference; lastKnownFileType = wrapper.framework; name = MessageUI.framework; path = System/Library/Frameworks/MessageUI.framework; sourceTree = SDKROOT; };
		F0D4C59F15CB028000988376 /* CoreData.framework */ = {isa = PBXFileReference; lastKnownFileType = wrapper.framework; name = CoreData.framework; path = System/Library/Frameworks/CoreData.framework; sourceTree = SDKROOT; };
		F0D4C5A115CB18D900988376 /* NavBarIconLauncher.png */ = {isa = PBXFileReference; lastKnownFileType = image.png; path = NavBarIconLauncher.png; sourceTree = "<group>"; };
		F0D4C5A215CB18D900988376 /* NavBarIconLauncher@2x.png */ = {isa = PBXFileReference; lastKnownFileType = image.png; path = "NavBarIconLauncher@2x.png"; sourceTree = "<group>"; };
		F0D4C5A615CB1F0E00988376 /* Program.h */ = {isa = PBXFileReference; lastKnownFileType = sourcecode.c.h; path = Program.h; sourceTree = "<group>"; };
		F0D4C5A715CB1F0E00988376 /* Program.m */ = {isa = PBXFileReference; lastKnownFileType = sourcecode.c.objc; path = Program.m; sourceTree = "<group>"; };
		F0DC4DEB15BA012E0009BFCD /* TV Thailand.app */ = {isa = PBXFileReference; explicitFileType = wrapper.application; includeInIndex = 0; path = "TV Thailand.app"; sourceTree = BUILT_PRODUCTS_DIR; };
		F0DC4DEF15BA012E0009BFCD /* UIKit.framework */ = {isa = PBXFileReference; lastKnownFileType = wrapper.framework; name = UIKit.framework; path = System/Library/Frameworks/UIKit.framework; sourceTree = SDKROOT; };
		F0DC4DF115BA012E0009BFCD /* Foundation.framework */ = {isa = PBXFileReference; lastKnownFileType = wrapper.framework; name = Foundation.framework; path = System/Library/Frameworks/Foundation.framework; sourceTree = SDKROOT; };
		F0DC4DF315BA012E0009BFCD /* CoreGraphics.framework */ = {isa = PBXFileReference; lastKnownFileType = wrapper.framework; name = CoreGraphics.framework; path = System/Library/Frameworks/CoreGraphics.framework; sourceTree = SDKROOT; };
		F0DC4DF715BA012E0009BFCD /* TVThailandV2-Info.plist */ = {isa = PBXFileReference; lastKnownFileType = text.plist.xml; path = "TVThailandV2-Info.plist"; sourceTree = "<group>"; };
		F0DC4DF915BA012E0009BFCD /* en */ = {isa = PBXFileReference; lastKnownFileType = text.plist.strings; name = en; path = en.lproj/InfoPlist.strings; sourceTree = "<group>"; };
		F0DC4DFB15BA012E0009BFCD /* main.m */ = {isa = PBXFileReference; lastKnownFileType = sourcecode.c.objc; path = main.m; sourceTree = "<group>"; };
		F0DC4DFD15BA012E0009BFCD /* TVThailandV2-Prefix.pch */ = {isa = PBXFileReference; lastKnownFileType = sourcecode.c.h; path = "TVThailandV2-Prefix.pch"; sourceTree = "<group>"; };
		F0DC4DFE15BA012E0009BFCD /* AppDelegate.h */ = {isa = PBXFileReference; lastKnownFileType = sourcecode.c.h; path = AppDelegate.h; sourceTree = "<group>"; };
		F0DC4DFF15BA012E0009BFCD /* AppDelegate.m */ = {isa = PBXFileReference; lastKnownFileType = sourcecode.c.objc; path = AppDelegate.m; sourceTree = "<group>"; };
		F0DC4E6315BA0EC10009BFCD /* QuartzCore.framework */ = {isa = PBXFileReference; lastKnownFileType = wrapper.framework; name = QuartzCore.framework; path = System/Library/Frameworks/QuartzCore.framework; sourceTree = SDKROOT; };
/* End PBXFileReference section */

/* Begin PBXFrameworksBuildPhase section */
		F0DC4DE815BA012E0009BFCD /* Frameworks */ = {
			isa = PBXFrameworksBuildPhase;
			buildActionMask = 2147483647;
			files = (
				3B39B0A617E322EE0027B242 /* ImageIO.framework in Frameworks */,
				3B67F74B17E06D5000C9CD23 /* StoreKit.framework in Frameworks */,
				3B910C341733FE25008F67ED /* CFNetwork.framework in Frameworks */,
				3B63C8BD1711CCD9009B4B65 /* Security.framework in Frameworks */,
				3B63C8BB1711CCC3009B4B65 /* AVFoundation.framework in Frameworks */,
				3B63C8B91711CCBA009B4B65 /* CoreTelephony.framework in Frameworks */,
				F0D4C5A015CB028000988376 /* CoreData.framework in Frameworks */,
				F084C89F15BFF1A500CD7F70 /* MediaPlayer.framework in Frameworks */,
				320AF8492C47A4D819F7C451 /* QuartzCore.framework in Frameworks */,
				F0BD0C6115BC2A9F00B56EE4 /* MessageUI.framework in Frameworks */,
				3B39B0A417E322310027B242 /* SDWebImage.framework in Frameworks */,
				F0BD0C5E15BC2A9200B56EE4 /* AudioToolbox.framework in Frameworks */,
				3B67F74717E06C9B00C9CD23 /* libGoogleAdMobAds.a in Frameworks */,
				F0A3C89C15BB2F96000CD962 /* libsqlite3.0.dylib in Frameworks */,
				F0A3C89A15BB2D54000CD962 /* libxml2.dylib in Frameworks */,
				F0DC4DF415BA012E0009BFCD /* CoreGraphics.framework in Frameworks */,
				F0A3C83715BB21AB000CD962 /* MobileCoreServices.framework in Frameworks */,
				F0A3C83515BB218A000CD962 /* SystemConfiguration.framework in Frameworks */,
				F0DC4DF015BA012E0009BFCD /* UIKit.framework in Frameworks */,
				F0DC4DF215BA012E0009BFCD /* Foundation.framework in Frameworks */,
				F0A3C83915BB21BA000CD962 /* libz.dylib in Frameworks */,
				3B67F75517E06E1100C9CD23 /* libGoogleAnalyticsServices.a in Frameworks */,
				F0B4AC02161DF0BB00CF843A /* AdSupport.framework in Frameworks */,
				F2A59C82B72E4E7F945E7BD1 /* libPods.a in Frameworks */,
			);
			runOnlyForDeploymentPostprocessing = 0;
		};
/* End PBXFrameworksBuildPhase section */

/* Begin PBXGroup section */
		3B67F71817E06C9B00C9CD23 /* GoogleAdMobAdsSdkiOS-6.5.1 */ = {
			isa = PBXGroup;
			children = (
				3B67F71917E06C9B00C9CD23 /* Add-ons */,
				3B67F73317E06C9B00C9CD23 /* GADAdMobExtras.h */,
				3B67F73417E06C9B00C9CD23 /* GADAdNetworkExtras.h */,
				3B67F73517E06C9B00C9CD23 /* GADAdSize.h */,
				3B67F73617E06C9B00C9CD23 /* GADBannerView.h */,
				3B67F73717E06C9B00C9CD23 /* GADBannerViewDelegate.h */,
				3B67F73817E06C9B00C9CD23 /* GADInterstitial.h */,
				3B67F73917E06C9B00C9CD23 /* GADInterstitialDelegate.h */,
				3B67F73A17E06C9B00C9CD23 /* GADRequest.h */,
				3B67F73B17E06C9B00C9CD23 /* GADRequestError.h */,
				3B67F73C17E06C9B00C9CD23 /* libGoogleAdMobAds.a */,
				3B67F73D17E06C9B00C9CD23 /* README.txt */,
			);
			path = "GoogleAdMobAdsSdkiOS-6.5.1";
			sourceTree = "<group>";
		};
		3B67F71917E06C9B00C9CD23 /* Add-ons */ = {
			isa = PBXGroup;
			children = (
				3B67F71A17E06C9B00C9CD23 /* DoubleClick */,
				3B67F72217E06C9B00C9CD23 /* GoogleAnalyticsServicesiOS_3.0 */,
				3B67F72917E06C9B00C9CD23 /* Mediation */,
				3B67F73017E06C9B00C9CD23 /* Search */,
			);
			path = "Add-ons";
			sourceTree = "<group>";
		};
		3B67F71A17E06C9B00C9CD23 /* DoubleClick */ = {
			isa = PBXGroup;
			children = (
				3B67F71B17E06C9B00C9CD23 /* DFPBannerView.h */,
				3B67F71C17E06C9B00C9CD23 /* DFPExtras.h */,
				3B67F71D17E06C9B00C9CD23 /* DFPInterstitial.h */,
				3B67F71E17E06C9B00C9CD23 /* DFPSwipeableBannerView.h */,
				3B67F71F17E06C9B00C9CD23 /* GADAdSizeDelegate.h */,
				3B67F72017E06C9B00C9CD23 /* GADAppEventDelegate.h */,
				3B67F72117E06C9B00C9CD23 /* GADSwipeableBannerViewDelegate.h */,
			);
			path = DoubleClick;
			sourceTree = "<group>";
		};
		3B67F72217E06C9B00C9CD23 /* GoogleAnalyticsServicesiOS_3.0 */ = {
			isa = PBXGroup;
			children = (
				3B67F72317E06C9B00C9CD23 /* GoogleAnalytics */,
				3B67F72617E06C9B00C9CD23 /* GoogleTagManager */,
			);
			path = GoogleAnalyticsServicesiOS_3.0;
			sourceTree = "<group>";
		};
		3B67F72317E06C9B00C9CD23 /* GoogleAnalytics */ = {
			isa = PBXGroup;
			children = (
				3B67F72417E06C9B00C9CD23 /* Examples */,
			);
			path = GoogleAnalytics;
			sourceTree = "<group>";
		};
		3B67F72417E06C9B00C9CD23 /* Examples */ = {
			isa = PBXGroup;
			children = (
				3B67F72517E06C9B00C9CD23 /* CuteAnimals */,
			);
			path = Examples;
			sourceTree = "<group>";
		};
		3B67F72517E06C9B00C9CD23 /* CuteAnimals */ = {
			isa = PBXGroup;
			children = (
			);
			path = CuteAnimals;
			sourceTree = "<group>";
		};
		3B67F72617E06C9B00C9CD23 /* GoogleTagManager */ = {
			isa = PBXGroup;
			children = (
				3B67F72717E06C9B00C9CD23 /* Examples */,
			);
			path = GoogleTagManager;
			sourceTree = "<group>";
		};
		3B67F72717E06C9B00C9CD23 /* Examples */ = {
			isa = PBXGroup;
			children = (
				3B67F72817E06C9B00C9CD23 /* CuteAnimals */,
			);
			path = Examples;
			sourceTree = "<group>";
		};
		3B67F72817E06C9B00C9CD23 /* CuteAnimals */ = {
			isa = PBXGroup;
			children = (
			);
			path = CuteAnimals;
			sourceTree = "<group>";
		};
		3B67F72917E06C9B00C9CD23 /* Mediation */ = {
			isa = PBXGroup;
			children = (
				3B67F72A17E06C9B00C9CD23 /* GADCustomEventBanner.h */,
				3B67F72B17E06C9B00C9CD23 /* GADCustomEventBannerDelegate.h */,
				3B67F72C17E06C9B00C9CD23 /* GADCustomEventExtras.h */,
				3B67F72D17E06C9B00C9CD23 /* GADCustomEventInterstitial.h */,
				3B67F72E17E06C9B00C9CD23 /* GADCustomEventInterstitialDelegate.h */,
				3B67F72F17E06C9B00C9CD23 /* GADCustomEventRequest.h */,
			);
			path = Mediation;
			sourceTree = "<group>";
		};
		3B67F73017E06C9B00C9CD23 /* Search */ = {
			isa = PBXGroup;
			children = (
				3B67F73117E06C9B00C9CD23 /* GADSearchBannerView.h */,
				3B67F73217E06C9B00C9CD23 /* GADSearchRequest.h */,
			);
			path = Search;
			sourceTree = "<group>";
		};
		3B67F74C17E06E1100C9CD23 /* GoogleAnalyticsServicesiOS_3.0 */ = {
			isa = PBXGroup;
			children = (
				3B67F74D17E06E1100C9CD23 /* libGoogleAnalyticsServices.a */,
				3B67F74E17E06E1100C9CD23 /* Library */,
			);
			path = GoogleAnalyticsServicesiOS_3.0;
			sourceTree = "<group>";
		};
		3B67F74E17E06E1100C9CD23 /* Library */ = {
			isa = PBXGroup;
			children = (
				3B67F74F17E06E1100C9CD23 /* GAI.h */,
				3B67F75017E06E1100C9CD23 /* GAIDictionaryBuilder.h */,
				3B67F75117E06E1100C9CD23 /* GAIFields.h */,
				3B67F75217E06E1100C9CD23 /* GAILogger.h */,
				3B67F75317E06E1100C9CD23 /* GAITrackedViewController.h */,
				3B67F75417E06E1100C9CD23 /* GAITracker.h */,
			);
			path = Library;
			sourceTree = "<group>";
		};
		3B67F7A117E09A1D00C9CD23 /* ViewController */ = {
			isa = PBXGroup;
			children = (
				3B67F7A217E09A5200C9CD23 /* GenreListViewController.h */,
				3B67F7A317E09A5200C9CD23 /* GenreListViewController.m */,
				3B67F7B117E0C8A600C9CD23 /* GenreTableViewCell.h */,
				3B67F7B217E0C8A600C9CD23 /* GenreTableViewCell.m */,
				3B67F7A517E09C6600C9CD23 /* ShowListViewController.h */,
				3B67F7A617E09C6600C9CD23 /* ShowListViewController.m */,
				3B67F7AB17E0A08900C9CD23 /* ShowTableViewCell.h */,
				3B67F7AC17E0A08900C9CD23 /* ShowTableViewCell.m */,
				3B743BCB17E19C9E0086C519 /* EpisodeListViewController.h */,
				3B743BCC17E19C9E0086C519 /* EpisodeListViewController.m */,
				3B743BD117E1F7CC0086C519 /* EpisodeTableViewCell.h */,
				3B743BD217E1F7CC0086C519 /* EpisodeTableViewCell.m */,
				3B39B09C17E2F1540027B242 /* PartListViewController.h */,
				3B39B09D17E2F1540027B242 /* PartListViewController.m */,
				3B39B09F17E309BE0027B242 /* PartTableViewCell.h */,
				3B39B0A017E309BE0027B242 /* PartTableViewCell.m */,
				3B39B0A717E34C560027B242 /* VideoPlayerViewController.h */,
				3B39B0A817E34C560027B242 /* VideoPlayerViewController.m */,
				3B2CFBC717E96FC400BC2113 /* SearchViewController.h */,
				3B2CFBC817E96FC400BC2113 /* SearchViewController.m */,
			);
			path = ViewController;
			sourceTree = "<group>";
		};
		3B910C3517340387008F67ED /* Models */ = {
			isa = PBXGroup;
			children = (
				3B910C3617340387008F67ED /* ApiClient.h */,
				3B910C3717340387008F67ED /* ApiClient.m */,
				3B67F7AE17E0BFF500C9CD23 /* GenreList.h */,
				3B67F7AF17E0BFF500C9CD23 /* GenreList.m */,
				3B910C3817340387008F67ED /* Genre.h */,
				3B910C3917340387008F67ED /* Genre.m */,
				3B910C3A17340387008F67ED /* Channel.h */,
				3B910C3B17340387008F67ED /* Channel.m */,
				3B67F7B817E0E9A300C9CD23 /* Show.h */,
				3B67F7B917E0E9A300C9CD23 /* Show.m */,
				3B743BCE17E1D8060086C519 /* Episode.h */,
				3B743BCF17E1D8060086C519 /* Episode.m */,
			);
			path = Models;
			sourceTree = "<group>";
		};
		F042D43715BC875E0037E120 /* Images */ = {
			isa = PBXGroup;
			children = (
				3B073093172E5E2A00DA22AF /* Default.png */,
				3B07308E172E5C5600DA22AF /* Default@2x.png */,
				3B073091172E5CB700DA22AF /* Default-568h@2x.png */,
				3B67F7B417E0DB5400C9CD23 /* placeholder40.png */,
				3B67F7B617E0DD5600C9CD23 /* placeholder40@2x.png */,
				F0D4C5A115CB18D900988376 /* NavBarIconLauncher.png */,
				F0D4C5A215CB18D900988376 /* NavBarIconLauncher@2x.png */,
				F07C74F415C0ADE800144EC1 /* 37x-Checkmark.png */,
				F07C74F515C0ADE800144EC1 /* 37x-Checkmark@2x.png */,
				F042D43915BC875F0037E120 /* Default-Landscape~ipad.png */,
				F042D43A15BC875F0037E120 /* Default-Portrait~ipad.png */,
				F042D43D15BC875F0037E120 /* Icon.png */,
				F042D43E15BC875F0037E120 /* Icon@2x.png */,
				F042D43F15BC875F0037E120 /* Icon~ipad.png */,
				F042D44C15BC89AA0037E120 /* Icon~ipad@2x.png */,
				F042D45615BC8B470037E120 /* Default-Landscape@2x~ipad.png */,
				F042D45715BC8B470037E120 /* Default-Portrait@2x~ipad.png */,
			);
			path = Images;
			sourceTree = "<group>";
		};
		F042D50D15BCA5590037E120 /* Base64 */ = {
			isa = PBXGroup;
			children = (
				F042D50E15BCA5590037E120 /* Base64.h */,
				F042D50F15BCA5590037E120 /* Base64.m */,
			);
			path = Base64;
			sourceTree = "<group>";
		};
		F0A3C85F15BB258D000CD962 /* Utility */ = {
			isa = PBXGroup;
			children = (
				F0A3C86015BB258D000CD962 /* NSString+Utils.h */,
				F0A3C86115BB258D000CD962 /* NSString+Utils.m */,
				F0A3C86415BB258D000CD962 /* UserAgent.h */,
				F0A3C86515BB258D000CD962 /* UserAgent.m */,
			);
			path = Utility;
			sourceTree = "<group>";
		};
		F0D4C5A515CB1D4B00988376 /* CoreData */ = {
			isa = PBXGroup;
			children = (
				F0D4C5A615CB1F0E00988376 /* Program.h */,
				F0D4C5A715CB1F0E00988376 /* Program.m */,
				F0927FE015CC4A180045EDBA /* tvthai2.xcdatamodeld */,
			);
			path = CoreData;
			sourceTree = "<group>";
		};
		F0DC4DE015BA012E0009BFCD = {
			isa = PBXGroup;
			children = (
				F0DC4DF515BA012E0009BFCD /* TVThailandV2 */,
				F0DC4DEE15BA012E0009BFCD /* Frameworks */,
				F0DC4DEC15BA012E0009BFCD /* Products */,
				0DE9EB14C43E43AE8A2E6171 /* Pods.xcconfig */,
			);
			sourceTree = "<group>";
		};
		F0DC4DEC15BA012E0009BFCD /* Products */ = {
			isa = PBXGroup;
			children = (
				F0DC4DEB15BA012E0009BFCD /* TV Thailand.app */,
			);
			name = Products;
			sourceTree = "<group>";
		};
		F0DC4DEE15BA012E0009BFCD /* Frameworks */ = {
			isa = PBXGroup;
			children = (
				3B762F8B17F01B0400A35AA2 /* libPods-Objective-C-HMTL-Parser.a */,
				F0A3C89B15BB2F96000CD962 /* libsqlite3.0.dylib */,
				F0A3C89915BB2D54000CD962 /* libxml2.dylib */,
				F0A3C83815BB21BA000CD962 /* libz.dylib */,
				3B39B0A517E322EE0027B242 /* ImageIO.framework */,
				3B39B0A317E322310027B242 /* SDWebImage.framework */,
				3B67F74A17E06D5000C9CD23 /* StoreKit.framework */,
				3B910C331733FE25008F67ED /* CFNetwork.framework */,
				F0BD0C6015BC2A9F00B56EE4 /* MessageUI.framework */,
				F0BD0C5D15BC2A9200B56EE4 /* AudioToolbox.framework */,
				F0DC4DEF15BA012E0009BFCD /* UIKit.framework */,
				F0DC4DF115BA012E0009BFCD /* Foundation.framework */,
				F0DC4DF315BA012E0009BFCD /* CoreGraphics.framework */,
				F0A3C83615BB21AB000CD962 /* MobileCoreServices.framework */,
				F0A3C83415BB218A000CD962 /* SystemConfiguration.framework */,
				F0DC4E6315BA0EC10009BFCD /* QuartzCore.framework */,
				F084C89E15BFF1A500CD7F70 /* MediaPlayer.framework */,
				320AF8492C47A4D819F7C450 /* QuartzCore.framework */,
				F0D4C59F15CB028000988376 /* CoreData.framework */,
				F0B4AC01161DF0BB00CF843A /* AdSupport.framework */,
				3B63C8BC1711CCD8009B4B65 /* Security.framework */,
				3B63C8BA1711CCC3009B4B65 /* AVFoundation.framework */,
				3B63C8B81711CCBA009B4B65 /* CoreTelephony.framework */,
				A2EB0925A5094553A025770B /* libPods.a */,
			);
			name = Frameworks;
			sourceTree = "<group>";
		};
		F0DC4DF515BA012E0009BFCD /* TVThailandV2 */ = {
			isa = PBXGroup;
			children = (
				F0DC4DFE15BA012E0009BFCD /* AppDelegate.h */,
				F0DC4DFF15BA012E0009BFCD /* AppDelegate.m */,
				3B67F69B17E03B3000C9CD23 /* Storyboard_iPhone.storyboard */,
				3B743BD617E25DA40086C519 /* Storyboard_iPad.storyboard */,
				3B67F69917E03A9900C9CD23 /* Images.xcassets */,
				3B67F7A117E09A1D00C9CD23 /* ViewController */,
				3B910C3517340387008F67ED /* Models */,
				F0D4C5A515CB1D4B00988376 /* CoreData */,
				F042D43715BC875E0037E120 /* Images */,
				F0A3C85F15BB258D000CD962 /* Utility */,
				F0DC4E0F15BA01DD0009BFCD /* Library */,
				F0DC4DF615BA012E0009BFCD /* Supporting Files */,
			);
			path = TVThailandV2;
			sourceTree = "<group>";
		};
		F0DC4DF615BA012E0009BFCD /* Supporting Files */ = {
			isa = PBXGroup;
			children = (
				320B6C86F11D9990244A9730 /* Three20.bundle */,
				F0DC4DF715BA012E0009BFCD /* TVThailandV2-Info.plist */,
				F0DC4DF815BA012E0009BFCD /* InfoPlist.strings */,
				F0DC4DFB15BA012E0009BFCD /* main.m */,
				F0DC4DFD15BA012E0009BFCD /* TVThailandV2-Prefix.pch */,
			);
			name = "Supporting Files";
			sourceTree = "<group>";
		};
		F0DC4E0F15BA01DD0009BFCD /* Library */ = {
			isa = PBXGroup;
			children = (
				3B67F74C17E06E1100C9CD23 /* GoogleAnalyticsServicesiOS_3.0 */,
				3B67F71817E06C9B00C9CD23 /* GoogleAdMobAdsSdkiOS-6.5.1 */,
				F042D50D15BCA5590037E120 /* Base64 */,
			);
			path = Library;
			sourceTree = "<group>";
		};
/* End PBXGroup section */

/* Begin PBXNativeTarget section */
		F0DC4DEA15BA012E0009BFCD /* TVThailandV2 */ = {
			isa = PBXNativeTarget;
			buildConfigurationList = F0DC4E0C15BA012E0009BFCD /* Build configuration list for PBXNativeTarget "TVThailandV2" */;
			buildPhases = (
				466A41D1CF5149DAB9C9B44E /* Check Pods Manifest.lock */,
				F0DC4DE715BA012E0009BFCD /* Sources */,
				F0DC4DE815BA012E0009BFCD /* Frameworks */,
				F0DC4DE915BA012E0009BFCD /* Resources */,
				8231CE30F115401F9136DAB9 /* Copy Pods Resources */,
			);
			buildRules = (
			);
			dependencies = (
			);
			name = TVThailandV2;
			productName = TVThailandV2;
			productReference = F0DC4DEB15BA012E0009BFCD /* TV Thailand.app */;
			productType = "com.apple.product-type.application";
		};
/* End PBXNativeTarget section */

/* Begin PBXProject section */
		F0DC4DE215BA012E0009BFCD /* Project object */ = {
			isa = PBXProject;
			attributes = {
				LastUpgradeCheck = 0500;
				ORGANIZATIONNAME = "luciferultram@gmail.com";
				TargetAttributes = {
					F0DC4DEA15BA012E0009BFCD = {
						DevelopmentTeam = 3G244XJS59;
						SystemCapabilities = {
							com.apple.InAppPurchase = {
								enabled = 0;
							};
						};
					};
				};
			};
			buildConfigurationList = F0DC4DE515BA012E0009BFCD /* Build configuration list for PBXProject "TVThailandV2" */;
			compatibilityVersion = "Xcode 3.2";
			developmentRegion = English;
			hasScannedForEncodings = 0;
			knownRegions = (
				en,
			);
			mainGroup = F0DC4DE015BA012E0009BFCD;
			productRefGroup = F0DC4DEC15BA012E0009BFCD /* Products */;
			projectDirPath = "";
			projectRoot = "";
			targets = (
				F0DC4DEA15BA012E0009BFCD /* TVThailandV2 */,
			);
		};
/* End PBXProject section */

/* Begin PBXResourcesBuildPhase section */
		F0DC4DE915BA012E0009BFCD /* Resources */ = {
			isa = PBXResourcesBuildPhase;
			buildActionMask = 2147483647;
			files = (
				320B6C86F11D9990244A9731 /* Three20.bundle in Resources */,
				3B67F69A17E03A9900C9CD23 /* Images.xcassets in Resources */,
				3B743BD717E25DA40086C519 /* Storyboard_iPad.storyboard in Resources */,
				F0DC4DFA15BA012E0009BFCD /* InfoPlist.strings in Resources */,
				3B67F69C17E03B3000C9CD23 /* Storyboard_iPhone.storyboard in Resources */,
				F042D44315BC875F0037E120 /* Default-Landscape~ipad.png in Resources */,
				F042D44415BC875F0037E120 /* Default-Portrait~ipad.png in Resources */,
				F042D44715BC875F0037E120 /* Icon.png in Resources */,
				F042D44815BC875F0037E120 /* Icon@2x.png in Resources */,
				F042D44915BC875F0037E120 /* Icon~ipad.png in Resources */,
				F042D44D15BC89AA0037E120 /* Icon~ipad@2x.png in Resources */,
				F042D45815BC8B490037E120 /* Default-Landscape@2x~ipad.png in Resources */,
				F042D45915BC8B490037E120 /* Default-Portrait@2x~ipad.png in Resources */,
				3B67F74817E06C9B00C9CD23 /* README.txt in Resources */,
				F07C74F615C0ADE800144EC1 /* 37x-Checkmark.png in Resources */,
				F07C74F715C0ADE800144EC1 /* 37x-Checkmark@2x.png in Resources */,
				3B67F7B717E0DD5600C9CD23 /* placeholder40@2x.png in Resources */,
				3B67F7B517E0DB5400C9CD23 /* placeholder40.png in Resources */,
				F0D4C5A315CB18D900988376 /* NavBarIconLauncher.png in Resources */,
				F0D4C5A415CB18D900988376 /* NavBarIconLauncher@2x.png in Resources */,
				3B073090172E5CB200DA22AF /* Default@2x.png in Resources */,
				3B073092172E5CB700DA22AF /* Default-568h@2x.png in Resources */,
				3B073094172E5E2A00DA22AF /* Default.png in Resources */,
			);
			runOnlyForDeploymentPostprocessing = 0;
		};
/* End PBXResourcesBuildPhase section */

/* Begin PBXShellScriptBuildPhase section */
		466A41D1CF5149DAB9C9B44E /* Check Pods Manifest.lock */ = {
			isa = PBXShellScriptBuildPhase;
			buildActionMask = 2147483647;
			files = (
			);
			inputPaths = (
			);
			name = "Check Pods Manifest.lock";
			outputPaths = (
			);
			runOnlyForDeploymentPostprocessing = 0;
			shellPath = /bin/sh;
			shellScript = "diff \"${PODS_ROOT}/../Podfile.lock\" \"${PODS_ROOT}/Manifest.lock\" > /dev/null\nif [[ $? != 0 ]] ; then\n    cat << EOM\nerror: The sandbox is not in sync with the Podfile.lock. Run 'pod install' or update your CocoaPods installation.\nEOM\n    exit 1\nfi\n";
		};
		8231CE30F115401F9136DAB9 /* Copy Pods Resources */ = {
			isa = PBXShellScriptBuildPhase;
			buildActionMask = 2147483647;
			files = (
			);
			inputPaths = (
			);
			name = "Copy Pods Resources";
			outputPaths = (
			);
			runOnlyForDeploymentPostprocessing = 0;
			shellPath = /bin/sh;
			shellScript = "\"${SRCROOT}/Pods/Pods-resources.sh\"\n";
		};
/* End PBXShellScriptBuildPhase section */

/* Begin PBXSourcesBuildPhase section */
		F0DC4DE715BA012E0009BFCD /* Sources */ = {
			isa = PBXSourcesBuildPhase;
			buildActionMask = 2147483647;
			files = (
				F0DC4DFC15BA012E0009BFCD /* main.m in Sources */,
				3B67F7B017E0BFF500C9CD23 /* GenreList.m in Sources */,
				F0DC4E0015BA012E0009BFCD /* AppDelegate.m in Sources */,
				3B743BD317E1F7CC0086C519 /* EpisodeTableViewCell.m in Sources */,
				3B67F7AD17E0A08900C9CD23 /* ShowTableViewCell.m in Sources */,
				3B743BD017E1D8060086C519 /* Episode.m in Sources */,
				3B2CFBC917E96FC400BC2113 /* SearchViewController.m in Sources */,
				3B67F7A417E09A5200C9CD23 /* GenreListViewController.m in Sources */,
				3B39B0A917E34C560027B242 /* VideoPlayerViewController.m in Sources */,
				3B743BCD17E19C9E0086C519 /* EpisodeListViewController.m in Sources */,
				F0A3C86615BB258D000CD962 /* NSString+Utils.m in Sources */,
				F0A3C86815BB258D000CD962 /* UserAgent.m in Sources */,
				3B39B09E17E2F1540027B242 /* PartListViewController.m in Sources */,
				3B67F7A717E09C6600C9CD23 /* ShowListViewController.m in Sources */,
				F042D51015BCA5590037E120 /* Base64.m in Sources */,
				3B67F7BA17E0E9A300C9CD23 /* Show.m in Sources */,
				3B39B0A117E309BE0027B242 /* PartTableViewCell.m in Sources */,
				F0927FE215CC4A180045EDBA /* tvthai2.xcdatamodeld in Sources */,
				3B910C3C17340387008F67ED /* ApiClient.m in Sources */,
				3B910C3D17340387008F67ED /* Genre.m in Sources */,
				3B910C3E17340387008F67ED /* Channel.m in Sources */,
				3B67F7B317E0C8A600C9CD23 /* GenreTableViewCell.m in Sources */,
			);
			runOnlyForDeploymentPostprocessing = 0;
		};
/* End PBXSourcesBuildPhase section */

/* Begin PBXVariantGroup section */
		F0DC4DF815BA012E0009BFCD /* InfoPlist.strings */ = {
			isa = PBXVariantGroup;
			children = (
				F0DC4DF915BA012E0009BFCD /* en */,
			);
			name = InfoPlist.strings;
			sourceTree = "<group>";
		};
/* End PBXVariantGroup section */

/* Begin XCBuildConfiguration section */
		F0DC4E0A15BA012E0009BFCD /* Debug */ = {
			isa = XCBuildConfiguration;
			buildSettings = {
				ALWAYS_SEARCH_USER_PATHS = YES;
				ARCHS = "$(ARCHS_STANDARD_INCLUDING_64_BIT)";
				CLANG_ENABLE_OBJC_ARC = YES;
				CLANG_WARN_BOOL_CONVERSION = YES;
				CLANG_WARN_CONSTANT_CONVERSION = YES;
				CLANG_WARN_EMPTY_BODY = YES;
				CLANG_WARN_ENUM_CONVERSION = YES;
				CLANG_WARN_INT_CONVERSION = YES;
				CLANG_WARN__DUPLICATE_METHOD_MATCH = YES;
				"CODE_SIGN_IDENTITY[sdk=iphoneos*]" = "iPhone Developer";
				COPY_PHASE_STRIP = NO;
				GCC_C_LANGUAGE_STANDARD = gnu99;
				GCC_DYNAMIC_NO_PIC = NO;
				GCC_OPTIMIZATION_LEVEL = 0;
				GCC_PREPROCESSOR_DEFINITIONS = (
					"DEBUG=1",
					"$(inherited)",
				);
				GCC_SYMBOLS_PRIVATE_EXTERN = NO;
				GCC_VERSION = com.apple.compilers.llvm.clang.1_0;
				GCC_WARN_64_TO_32_BIT_CONVERSION = YES;
				GCC_WARN_ABOUT_RETURN_TYPE = YES;
				GCC_WARN_UNDECLARED_SELECTOR = YES;
				GCC_WARN_UNINITIALIZED_AUTOS = YES;
				GCC_WARN_UNUSED_FUNCTION = YES;
				GCC_WARN_UNUSED_VARIABLE = YES;
				HEADER_SEARCH_PATHS = (
					"$(BUILT_PRODUCTS_DIR)/../three20",
					"$(BUILT_PRODUCTS_DIR)/../../three20",
					../three20/Build/Products/three20,
				);
				IPHONEOS_DEPLOYMENT_TARGET = 7.0;
				ONLY_ACTIVE_ARCH = YES;
				OTHER_LDFLAGS = "-ObjC";
				SDKROOT = iphoneos;
				TARGETED_DEVICE_FAMILY = "1,2";
				VALID_ARCHS = "arm64 armv7 armv7s";
			};
			name = Debug;
		};
		F0DC4E0B15BA012E0009BFCD /* Release */ = {
			isa = XCBuildConfiguration;
			buildSettings = {
				ALWAYS_SEARCH_USER_PATHS = YES;
				ARCHS = "$(ARCHS_STANDARD_INCLUDING_64_BIT)";
				CLANG_ENABLE_OBJC_ARC = YES;
				CLANG_WARN_BOOL_CONVERSION = YES;
				CLANG_WARN_CONSTANT_CONVERSION = YES;
				CLANG_WARN_EMPTY_BODY = YES;
				CLANG_WARN_ENUM_CONVERSION = YES;
				CLANG_WARN_INT_CONVERSION = YES;
				CLANG_WARN__DUPLICATE_METHOD_MATCH = YES;
				"CODE_SIGN_IDENTITY[sdk=iphoneos*]" = "iPhone Developer";
				COPY_PHASE_STRIP = YES;
				GCC_C_LANGUAGE_STANDARD = gnu99;
				GCC_VERSION = com.apple.compilers.llvm.clang.1_0;
				GCC_WARN_64_TO_32_BIT_CONVERSION = YES;
				GCC_WARN_ABOUT_RETURN_TYPE = YES;
				GCC_WARN_UNDECLARED_SELECTOR = YES;
				GCC_WARN_UNINITIALIZED_AUTOS = YES;
				GCC_WARN_UNUSED_FUNCTION = YES;
				GCC_WARN_UNUSED_VARIABLE = YES;
				HEADER_SEARCH_PATHS = (
					"$(BUILT_PRODUCTS_DIR)/../three20",
					"$(BUILT_PRODUCTS_DIR)/../../three20",
					../three20/Build/Products/three20,
				);
				IPHONEOS_DEPLOYMENT_TARGET = 7.0;
				OTHER_CFLAGS = "-DNS_BLOCK_ASSERTIONS=1";
				OTHER_LDFLAGS = "-ObjC";
				SDKROOT = iphoneos;
				TARGETED_DEVICE_FAMILY = "1,2";
				VALIDATE_PRODUCT = YES;
				VALID_ARCHS = "arm64 armv7 armv7s";
			};
			name = Release;
		};
		F0DC4E0D15BA012E0009BFCD /* Debug */ = {
			isa = XCBuildConfiguration;
			baseConfigurationReference = 0DE9EB14C43E43AE8A2E6171 /* Pods.xcconfig */;
			buildSettings = {
				ARCHS = "$(ARCHS_STANDARD)";
				ASSETCATALOG_COMPILER_APPICON_NAME = AppIcon;
				ASSETCATALOG_COMPILER_LAUNCHIMAGE_NAME = LaunchImage;
				CODE_SIGN_IDENTITY = "iPhone Developer";
				"CODE_SIGN_IDENTITY[sdk=iphoneos*]" = "iPhone Developer";
				FRAMEWORK_SEARCH_PATHS = (
					"$(inherited)",
					/Users/nattapong/github/TVThailandV2,
				);
				GCC_PRECOMPILE_PREFIX_HEADER = YES;
				GCC_PREFIX_HEADER = "TVThailandV2/TVThailandV2-Prefix.pch";
				HEADER_SEARCH_PATHS = (
					/usr/include/libxml2,
					"${PODS_HEADERS_SEARCH_PATHS}",
					"\"$(PODS_ROOT)/Headers\"",
					"\"$(PODS_ROOT)/Headers/AFNetworking\"",
					"\"$(PODS_ROOT)/Headers/SVProgressHUD\"",
					"\"$(PODS_ROOT)/Headers/Objective-C-HMTL-Parser\"",
					"\"$(PODS_ROOT)/Headers/JSONKit\"",
				);
				INFOPLIST_FILE = "TVThailandV2/TVThailandV2-Info.plist";
				IPHONEOS_DEPLOYMENT_TARGET = 6.0;
				LIBRARY_SEARCH_PATHS = (
					"$(inherited)",
					"$(SRCROOT)",
					"/Users/nattapong/github/TVThailandV2/TVThailandV2/Library/GoogleAdMobAdsSdkiOS-6.5.1",
					/Users/nattapong/github/TVThailandV2/TVThailandV2/Library/GoogleAnalyticsServicesiOS_3.0,
				);
				ONLY_ACTIVE_ARCH = NO;
				OTHER_LDFLAGS = (
					"-all_load",
					"-ObjC",
					"-fno-objc-arc",
				);
				PRODUCT_NAME = "TV Thailand";
				PROVISIONING_PROFILE = "";
				"PROVISIONING_PROFILE[sdk=iphoneos*]" = "";
				TARGETED_DEVICE_FAMILY = "1,2";
				VALID_ARCHS = armv7;
				WRAPPER_EXTENSION = app;
			};
			name = Debug;
		};
		F0DC4E0E15BA012E0009BFCD /* Release */ = {
			isa = XCBuildConfiguration;
			baseConfigurationReference = 0DE9EB14C43E43AE8A2E6171 /* Pods.xcconfig */;
			buildSettings = {
				ARCHS = "$(ARCHS_STANDARD)";
				ASSETCATALOG_COMPILER_APPICON_NAME = AppIcon;
				ASSETCATALOG_COMPILER_LAUNCHIMAGE_NAME = LaunchImage;
				CODE_SIGN_IDENTITY = "iPhone Developer";
				"CODE_SIGN_IDENTITY[sdk=iphoneos*]" = "iPhone Developer";
				FRAMEWORK_SEARCH_PATHS = (
					"$(inherited)",
					/Users/nattapong/github/TVThailandV2,
				);
				GCC_PRECOMPILE_PREFIX_HEADER = YES;
				GCC_PREFIX_HEADER = "TVThailandV2/TVThailandV2-Prefix.pch";
				HEADER_SEARCH_PATHS = (
					/usr/include/libxml2,
					"${PODS_HEADERS_SEARCH_PATHS}",
					"\"$(PODS_ROOT)/Headers\"",
					"\"$(PODS_ROOT)/Headers/AFNetworking\"",
					"\"$(PODS_ROOT)/Headers/SVProgressHUD\"",
					"\"$(PODS_ROOT)/Headers/Objective-C-HMTL-Parser\"",
					"\"$(PODS_ROOT)/Headers/JSONKit\"",
				);
				INFOPLIST_FILE = "TVThailandV2/TVThailandV2-Info.plist";
				IPHONEOS_DEPLOYMENT_TARGET = 6.0;
				LIBRARY_SEARCH_PATHS = (
					"$(inherited)",
					"$(SRCROOT)",
					"/Users/nattapong/github/TVThailandV2/TVThailandV2/Library/GoogleAdMobAdsSdkiOS-6.5.1",
					/Users/nattapong/github/TVThailandV2/TVThailandV2/Library/GoogleAnalyticsServicesiOS_3.0,
				);
				ONLY_ACTIVE_ARCH = NO;
				OTHER_LDFLAGS = (
					"-all_load",
					"-ObjC",
					"-fno-objc-arc",
				);
				PRODUCT_NAME = "TV Thailand";
				PROVISIONING_PROFILE = "";
				"PROVISIONING_PROFILE[sdk=iphoneos*]" = "";
				TARGETED_DEVICE_FAMILY = "1,2";
				VALID_ARCHS = armv7;
				WRAPPER_EXTENSION = app;
			};
			name = Release;
		};
/* End XCBuildConfiguration section */

/* Begin XCConfigurationList section */
		F0DC4DE515BA012E0009BFCD /* Build configuration list for PBXProject "TVThailandV2" */ = {
			isa = XCConfigurationList;
			buildConfigurations = (
				F0DC4E0A15BA012E0009BFCD /* Debug */,
				F0DC4E0B15BA012E0009BFCD /* Release */,
			);
			defaultConfigurationIsVisible = 0;
			defaultConfigurationName = Release;
		};
		F0DC4E0C15BA012E0009BFCD /* Build configuration list for PBXNativeTarget "TVThailandV2" */ = {
			isa = XCConfigurationList;
			buildConfigurations = (
				F0DC4E0D15BA012E0009BFCD /* Debug */,
				F0DC4E0E15BA012E0009BFCD /* Release */,
			);
			defaultConfigurationIsVisible = 0;
			defaultConfigurationName = Release;
		};
/* End XCConfigurationList section */

/* Begin XCVersionGroup section */
		F0927FE015CC4A180045EDBA /* tvthai2.xcdatamodeld */ = {
			isa = XCVersionGroup;
			children = (
				F0927FE115CC4A180045EDBA /* tvthai2.xcdatamodel */,
			);
			currentVersion = F0927FE115CC4A180045EDBA /* tvthai2.xcdatamodel */;
			path = tvthai2.xcdatamodeld;
			sourceTree = "<group>";
			versionGroupType = wrapper.xcdatamodel;
		};
/* End XCVersionGroup section */
	};
	rootObject = F0DC4DE215BA012E0009BFCD /* Project object */;
}
